
Microsoft Visual Studio Solution File, Format Version 12.00
# Visual Studio Version 17
VisualStudioVersion = 17.0.31903.59
MinimumVisualStudioVersion = 10.0.40219.1
Project("{9A19103F-16F7-4668-BE54-9A1E7A4F7556}") = "PassionPortal.API", "src\PassionPortal.API\PassionPortal.API.csproj", "{DF9141E0-A10E-4E00-B1D0-180A72C17290}"
EndProject
Project("{9A19103F-16F7-4668-BE54-9A1E7A4F7556}") = "PassionPortal.Domain", "src\PassionPortal.Domain\PassionPortal.Domain.csproj", "{A5FF7AF1-F8BB-49A3-BC5D-BF05A3FC87A2}"
EndProject
Project("{9A19103F-16F7-4668-BE54-9A1E7A4F7556}") = "PassionPortal.Infrastructure", "src\PassionPortal.Infrastructure\PassionPortal.Infrastructure.csproj", "{A7D6AA8F-C85A-4070-A3B9-8D5F9A337F0C}"
EndProject
Project("{9A19103F-16F7-4668-BE54-9A1E7A4F7556}") = "PassionPortal.Application", "src\PassionPortal.Application\PassionPortal.Application.csproj", "{5572ADE0-8925-4B25-89DD-29A27BB05C6F}"
EndProject
Project("{2150E333-8FDC-42A3-9474-1A3956D46DE8}") = "src", "src", "{FBDF020F-E3BC-437C-BCBA-5C75612F4326}"
EndProject
Project("{2150E333-8FDC-42A3-9474-1A3956D46DE8}") = "tests", "tests", "{664538F7-5634-4156-ACD5-64BC2CC5B043}"
EndProject
Global
	GlobalSection(SolutionConfigurationPlatforms) = preSolution
		Debug|Any CPU = Debug|Any CPU
		Release|Any CPU = Release|Any CPU
	EndGlobalSection
	GlobalSection(ProjectConfigurationPlatforms) = postSolution
		{DF9141E0-A10E-4E00-B1D0-180A72C17290}.Debug|Any CPU.ActiveCfg = Debug|Any CPU
		{DF9141E0-A10E-4E00-B1D0-180A72C17290}.Debug|Any CPU.Build.0 = Debug|Any CPU
		{DF9141E0-A10E-4E00-B1D0-180A72C17290}.Release|Any CPU.ActiveCfg = Release|Any CPU
		{DF9141E0-A10E-4E00-B1D0-180A72C17290}.Release|Any CPU.Build.0 = Release|Any CPU
		{A5FF7AF1-F8BB-49A3-BC5D-BF05A3FC87A2}.Debug|Any CPU.ActiveCfg = Debug|Any CPU
		{A5FF7AF1-F8BB-49A3-BC5D-BF05A3FC87A2}.Debug|Any CPU.Build.0 = Debug|Any CPU
		{A5FF7AF1-F8BB-49A3-BC5D-BF05A3FC87A2}.Release|Any CPU.ActiveCfg = Release|Any CPU
		{A5FF7AF1-F8BB-49A3-BC5D-BF05A3FC87A2}.Release|Any CPU.Build.0 = Release|Any CPU
		{A7D6AA8F-C85A-4070-A3B9-8D5F9A337F0C}.Debug|Any CPU.ActiveCfg = Debug|Any CPU
		{A7D6AA8F-C85A-4070-A3B9-8D5F9A337F0C}.Debug|Any CPU.Build.0 = Debug|Any CPU
		{A7D6AA8F-C85A-4070-A3B9-8D5F9A337F0C}.Release|Any CPU.ActiveCfg = Release|Any CPU
		{A7D6AA8F-C85A-4070-A3B9-8D5F9A337F0C}.Release|Any CPU.Build.0 = Release|Any CPU
		{5572ADE0-8925-4B25-89DD-29A27BB05C6F}.Debug|Any CPU.ActiveCfg = Debug|Any CPU
		{5572ADE0-8925-4B25-89DD-29A27BB05C6F}.Debug|Any CPU.Build.0 = Debug|Any CPU
		{5572ADE0-8925-4B25-89DD-29A27BB05C6F}.Release|Any CPU.ActiveCfg = Release|Any CPU
		{5572ADE0-8925-4B25-89DD-29A27BB05C6F}.Release|Any CPU.Build.0 = Release|Any CPU
	EndGlobalSection
	GlobalSection(SolutionProperties) = preSolution
		HideSolutionNode = FALSE
	EndGlobalSection
	GlobalSection(NestedProjects) = preSolution
		{DF9141E0-A10E-4E00-B1D0-180A72C17290} = {FBDF020F-E3BC-437C-BCBA-5C75612F4326}
		{A5FF7AF1-F8BB-49A3-BC5D-BF05A3FC87A2} = {FBDF020F-E3BC-437C-BCBA-5C75612F4326}
		{A7D6AA8F-C85A-4070-A3B9-8D5F9A337F0C} = {FBDF020F-E3BC-437C-BCBA-5C75612F4326}
		{5572ADE0-8925-4B25-89DD-29A27BB05C6F} = {FBDF020F-E3BC-437C-BCBA-5C75612F4326}
	EndGlobalSection
	GlobalSection(ExtensibilityGlobals) = postSolution
		SolutionGuid = {1B558703-77AE-442B-ADAF-F133EF38F3D9}
	EndGlobalSection
EndGlobal
